
Microsoft Visual Studio Solution File, Format Version 12.00
# Visual Studio Version 17
VisualStudioVersion = 17.5.002.0
MinimumVisualStudioVersion = 10.0.40219.1
Project("{9A19103F-16F7-4668-BE54-9A1E7A4F7556}") = "SSimMiniChallenge1EndPointMVC", "SSimMiniChallenge1EndPointMVC.csproj", "{B997658E-5C0F-4872-8B98-D57B4AE150A9}"
EndProject
Global
	GlobalSection(SolutionConfigurationPlatforms) = preSolution
		Debug|Any CPU = Debug|Any CPU
		Release|Any CPU = Release|Any CPU
	EndGlobalSection
	GlobalSection(ProjectConfigurationPlatforms) = postSolution
		{B997658E-5C0F-4872-8B98-D57B4AE150A9}.Debug|Any CPU.ActiveCfg = Debug|Any CPU
		{B997658E-5C0F-4872-8B98-D57B4AE150A9}.Debug|Any CPU.Build.0 = Debug|Any CPU
		{B997658E-5C0F-4872-8B98-D57B4AE150A9}.Release|Any CPU.ActiveCfg = Release|Any CPU
		{B997658E-5C0F-4872-8B98-D57B4AE150A9}.Release|Any CPU.Build.0 = Release|Any CPU
	EndGlobalSection
	GlobalSection(SolutionProperties) = preSolution
		HideSolutionNode = FALSE
	EndGlobalSection
	GlobalSection(ExtensibilityGlobals) = postSolution
		SolutionGuid = {53ABA132-555C-4E66-9391-9DE482EEAB7C}
	EndGlobalSection
EndGlobal
